PODS:
  - Socket.IO-Client-Swift (16.0.1):
    - Starscream (~> 4.0)
  - Starscream (4.0.4)
  - WebRTC (63.11.20455)

DEPENDENCIES:
  - Socket.IO-Client-Swift
  - Starscream (~> 4.0.0)
  - WebRTC

SPEC REPOS:
  trunk:
    - Socket.IO-Client-Swift
    - Starscream
    - WebRTC

SPEC CHECKSUMS:
  Socket.IO-Client-Swift: c116d6dc9fd6be9c259bacfe143f8725bce7d79e
  Starscream: 5178aed56b316f13fa3bc55694e583d35dd414d9
  WebRTC: f2a6203584745fe53532633397557876b5d71640

PODFILE CHECKSUM: ca134a74e184a0b2f705e985c764beda46d42591

COCOAPODS: 1.12.0
